// !$*UTF8*$!
{
	archiveVersion = 1;
	classes = {
	};
	objectVersion = 46;
	objects = {

/* Begin PBXBuildFile section */
		D9878877165545680047A87E /* Simulation.cpp in Sources */ = {isa = PBXBuildFile; fileRef = D9878875165545680047A87E /* Simulation.cpp */; };
		D988E38E165441750009949F /* main.cpp in Sources */ = {isa = PBXBuildFile; fileRef = D988E38D165441750009949F /* main.cpp */; };
		D988E390165441750009949F /* LF_DEM.1 in CopyFiles */ = {isa = PBXBuildFile; fileRef = D988E38F165441750009949F /* LF_DEM.1 */; };
		D988E39C1654A18D0009949F /* System.cpp in Sources */ = {isa = PBXBuildFile; fileRef = D988E39A1654A18D0009949F /* System.cpp */; };
		D988E39F1654A7410009949F /* Interaction.cpp in Sources */ = {isa = PBXBuildFile; fileRef = D988E39D1654A7410009949F /* Interaction.cpp */; };
/* End PBXBuildFile section */

/* Begin PBXCopyFilesBuildPhase section */
		D988E387165441750009949F /* CopyFiles */ = {
			isa = PBXCopyFilesBuildPhase;
			buildActionMask = 2147483647;
			dstPath = /usr/share/man/man1/;
			dstSubfolderSpec = 0;
			files = (
				D988E390165441750009949F /* LF_DEM.1 in CopyFiles */,
			);
			runOnlyForDeploymentPostprocessing = 1;
		};
/* End PBXCopyFilesBuildPhase section */

/* Begin PBXFileReference section */
		D9878875165545680047A87E /* Simulation.cpp */ = {isa = PBXFileReference; fileEncoding = 4; lastKnownFileType = sourcecode.cpp.cpp; path = Simulation.cpp; sourceTree = "<group>"; };
		D9878876165545680047A87E /* Simulation.h */ = {isa = PBXFileReference; fileEncoding = 4; lastKnownFileType = sourcecode.c.h; path = Simulation.h; sourceTree = "<group>"; };
		D988E389165441750009949F /* LF_DEM */ = {isa = PBXFileReference; explicitFileType = "compiled.mach-o.executable"; includeInIndex = 0; path = LF_DEM; sourceTree = BUILT_PRODUCTS_DIR; };
		D988E38D165441750009949F /* main.cpp */ = {isa = PBXFileReference; lastKnownFileType = sourcecode.cpp.cpp; path = main.cpp; sourceTree = "<group>"; };
		D988E38F165441750009949F /* LF_DEM.1 */ = {isa = PBXFileReference; lastKnownFileType = text.man; path = LF_DEM.1; sourceTree = "<group>"; };
		D988E399165443C10009949F /* vec3d.h */ = {isa = PBXFileReference; fileEncoding = 4; lastKnownFileType = sourcecode.c.h; path = vec3d.h; sourceTree = "<group>"; };
		D988E39A1654A18D0009949F /* System.cpp */ = {isa = PBXFileReference; fileEncoding = 4; lastKnownFileType = sourcecode.cpp.cpp; path = System.cpp; sourceTree = "<group>"; };
		D988E39B1654A18D0009949F /* System.h */ = {isa = PBXFileReference; fileEncoding = 4; lastKnownFileType = sourcecode.c.h; path = System.h; sourceTree = "<group>"; };
		D988E39D1654A7410009949F /* Interaction.cpp */ = {isa = PBXFileReference; fileEncoding = 4; lastKnownFileType = sourcecode.cpp.cpp; path = Interaction.cpp; sourceTree = "<group>"; };
		D988E39E1654A7410009949F /* Interaction.h */ = {isa = PBXFileReference; fileEncoding = 4; lastKnownFileType = sourcecode.c.h; path = Interaction.h; sourceTree = "<group>"; };
/* End PBXFileReference section */

/* Begin PBXFrameworksBuildPhase section */
		D988E386165441750009949F /* Frameworks */ = {
			isa = PBXFrameworksBuildPhase;
			buildActionMask = 2147483647;
			files = (
			);
			runOnlyForDeploymentPostprocessing = 0;
		};
/* End PBXFrameworksBuildPhase section */

/* Begin PBXGroup section */
		D988E37E165441750009949F = {
			isa = PBXGroup;
			children = (
				D988E38C165441750009949F /* LF_DEM */,
				D988E38A165441750009949F /* Products */,
			);
			sourceTree = "<group>";
		};
		D988E38A165441750009949F /* Products */ = {
			isa = PBXGroup;
			children = (
				D988E389165441750009949F /* LF_DEM */,
			);
			name = Products;
			sourceTree = "<group>";
		};
		D988E38C165441750009949F /* LF_DEM */ = {
			isa = PBXGroup;
			children = (
				D988E38D165441750009949F /* main.cpp */,
				D988E39A1654A18D0009949F /* System.cpp */,
				D988E39B1654A18D0009949F /* System.h */,
				D988E39D1654A7410009949F /* Interaction.cpp */,
				D988E39E1654A7410009949F /* Interaction.h */,
				D9878875165545680047A87E /* Simulation.cpp */,
				D9878876165545680047A87E /* Simulation.h */,
				D988E399165443C10009949F /* vec3d.h */,
				D988E38F165441750009949F /* LF_DEM.1 */,
			);
			path = LF_DEM;
			sourceTree = "<group>";
		};
/* End PBXGroup section */

/* Begin PBXNativeTarget section */
		D988E388165441750009949F /* LF_DEM */ = {
			isa = PBXNativeTarget;
			buildConfigurationList = D988E393165441750009949F /* Build configuration list for PBXNativeTarget "LF_DEM" */;
			buildPhases = (
				D988E385165441750009949F /* Sources */,
				D988E386165441750009949F /* Frameworks */,
				D988E387165441750009949F /* CopyFiles */,
			);
			buildRules = (
			);
			dependencies = (
			);
			name = LF_DEM;
			productName = LF_DEM;
			productReference = D988E389165441750009949F /* LF_DEM */;
			productType = "com.apple.product-type.tool";
		};
/* End PBXNativeTarget section */

/* Begin PBXProject section */
		D988E380165441750009949F /* Project object */ = {
			isa = PBXProject;
			attributes = {
				LastUpgradeCheck = 0450;
				ORGANIZATIONNAME = "Ryohei Seto";
			};
			buildConfigurationList = D988E383165441750009949F /* Build configuration list for PBXProject "LF_DEM" */;
			compatibilityVersion = "Xcode 3.2";
			developmentRegion = English;
			hasScannedForEncodings = 0;
			knownRegions = (
				en,
			);
			mainGroup = D988E37E165441750009949F;
			productRefGroup = D988E38A165441750009949F /* Products */;
			projectDirPath = "";
			projectRoot = "";
			targets = (
				D988E388165441750009949F /* LF_DEM */,
			);
		};
/* End PBXProject section */

/* Begin PBXSourcesBuildPhase section */
		D988E385165441750009949F /* Sources */ = {
			isa = PBXSourcesBuildPhase;
			buildActionMask = 2147483647;
			files = (
				D988E38E165441750009949F /* main.cpp in Sources */,
				D988E39C1654A18D0009949F /* System.cpp in Sources */,
				D988E39F1654A7410009949F /* Interaction.cpp in Sources */,
				D9878877165545680047A87E /* Simulation.cpp in Sources */,
			);
			runOnlyForDeploymentPostprocessing = 0;
		};
/* End PBXSourcesBuildPhase section */

/* Begin XCBuildConfiguration section */
		D988E391165441750009949F /* Debug */ = {
			isa = XCBuildConfiguration;
			buildSettings = {
				ALWAYS_SEARCH_USER_PATHS = NO;
				ARCHS = "$(ARCHS_STANDARD_64_BIT)";
				CLANG_CXX_LANGUAGE_STANDARD = "gnu++0x";
				CLANG_CXX_LIBRARY = "libc++";
				CLANG_ENABLE_OBJC_ARC = YES;
				CLANG_WARN_EMPTY_BODY = YES;
				CLANG_WARN__DUPLICATE_METHOD_MATCH = YES;
				COPY_PHASE_STRIP = NO;
				GCC_C_LANGUAGE_STANDARD = gnu99;
				GCC_DYNAMIC_NO_PIC = NO;
				GCC_ENABLE_OBJC_EXCEPTIONS = YES;
				GCC_OPTIMIZATION_LEVEL = 0;
				GCC_PREPROCESSOR_DEFINITIONS = (
					"DEBUG=1",
					"$(inherited)",
				);
				GCC_SYMBOLS_PRIVATE_EXTERN = NO;
				GCC_WARN_64_TO_32_BIT_CONVERSION = YES;
				GCC_WARN_ABOUT_RETURN_TYPE = YES;
				GCC_WARN_UNINITIALIZED_AUTOS = YES;
				GCC_WARN_UNUSED_VARIABLE = YES;
				MACOSX_DEPLOYMENT_TARGET = 10.8;
				ONLY_ACTIVE_ARCH = YES;
				SDKROOT = macosx;
			};
			name = Debug;
		};
		D988E392165441750009949F /* Release */ = {
			isa = XCBuildConfiguration;
			buildSettings = {
				ALWAYS_SEARCH_USER_PATHS = NO;
				ARCHS = "$(ARCHS_STANDARD_64_BIT)";
				CLANG_CXX_LANGUAGE_STANDARD = "gnu++0x";
				CLANG_CXX_LIBRARY = "libc++";
				CLANG_ENABLE_OBJC_ARC = YES;
				CLANG_WARN_EMPTY_BODY = YES;
				CLANG_WARN__DUPLICATE_METHOD_MATCH = YES;
				COPY_PHASE_STRIP = YES;
				DEBUG_INFORMATION_FORMAT = "dwarf-with-dsym";
				GCC_C_LANGUAGE_STANDARD = gnu99;
				GCC_ENABLE_OBJC_EXCEPTIONS = YES;
				GCC_WARN_64_TO_32_BIT_CONVERSION = YES;
				GCC_WARN_ABOUT_RETURN_TYPE = YES;
				GCC_WARN_UNINITIALIZED_AUTOS = YES;
				GCC_WARN_UNUSED_VARIABLE = YES;
				MACOSX_DEPLOYMENT_TARGET = 10.8;
				SDKROOT = macosx;
			};
			name = Release;
		};
		D988E394165441750009949F /* Debug */ = {
			isa = XCBuildConfiguration;
			buildSettings = {
				PRODUCT_NAME = "$(TARGET_NAME)";
			};
			name = Debug;
		};
		D988E395165441750009949F /* Release */ = {
			isa = XCBuildConfiguration;
			buildSettings = {
				PRODUCT_NAME = "$(TARGET_NAME)";
			};
			name = Release;
		};
/* End XCBuildConfiguration section */

/* Begin XCConfigurationList section */
		D988E383165441750009949F /* Build configuration list for PBXProject "LF_DEM" */ = {
			isa = XCConfigurationList;
			buildConfigurations = (
				D988E391165441750009949F /* Debug */,
				D988E392165441750009949F /* Release */,
			);
			defaultConfigurationIsVisible = 0;
			defaultConfigurationName = Release;
		};
		D988E393165441750009949F /* Build configuration list for PBXNativeTarget "LF_DEM" */ = {
			isa = XCConfigurationList;
			buildConfigurations = (
				D988E394165441750009949F /* Debug */,
				D988E395165441750009949F /* Release */,
			);
			defaultConfigurationIsVisible = 0;
			defaultConfigurationName = Release;
		};
/* End XCConfigurationList section */
	};
	rootObject = D988E380165441750009949F /* Project object */;
}
