<?xml version="1.0" encoding="UTF-8"?>
<Scheme
   LastUpgradeVersion = "0630"
   version = "1.7">
   <BuildAction
      parallelizeBuildables = "YES"
      buildImplicitDependencies = "YES">
      <PreActions>
         <ExecutionAction
            ActionType = "Xcode.IDEStandardExecutionActionsCore.ExecutionActionType.ShellScriptAction">
            <ActionContent
               title = "Run Script"
               scriptText = "git=/usr/bin/git&#10;cd ${PROJECT_DIR}/LF_DEM&#10;version=`$git describe --dirty`&#10;echo &quot;#define GIT_VERSION \&quot;$version\&quot;&quot; &gt; VersionInfo.h&#10;">
               <EnvironmentBuildable>
                  <BuildableReference
                     BuildableIdentifier = "primary"
                     BlueprintIdentifier = "D988E388165441750009949F"
                     BuildableName = "LF_DEM"
                     BlueprintName = "LF_DEM"
                     ReferencedContainer = "container:LF_DEM.xcodeproj">
                  </BuildableReference>
               </EnvironmentBuildable>
            </ActionContent>
         </ExecutionAction>
      </PreActions>
      <PostActions>
         <ExecutionAction
            ActionType = "Xcode.IDEStandardExecutionActionsCore.ExecutionActionType.ShellScriptAction">
            <ActionContent
               title = "Run Script"
               scriptText = "cp ${BUILT_PRODUCTS_DIR}/LF_DEM $HOME/bin/&#10;cp ${PROJECT_DIR}/LF_DEM/generateYaplotFile.pl $HOME/bin/&#10;cp ${PROJECT_DIR}/LF_DEM/generateSimpleData.pl $HOME/bin/&#10;cp ${PROJECT_DIR}/LF_DEM/LeesEdwards.pl $HOME/bin/&#10;cp ${PROJECT_DIR}/LF_DEM/extractConfigdata.pl $HOME/bin/&#10;">
               <EnvironmentBuildable>
                  <BuildableReference
                     BuildableIdentifier = "primary"
                     BlueprintIdentifier = "D988E388165441750009949F"
                     BuildableName = "LF_DEM"
                     BlueprintName = "LF_DEM"
                     ReferencedContainer = "container:LF_DEM.xcodeproj">
                  </BuildableReference>
               </EnvironmentBuildable>
            </ActionContent>
         </ExecutionAction>
      </PostActions>
      <BuildActionEntries>
         <BuildActionEntry
            buildForTesting = "YES"
            buildForRunning = "YES"
            buildForProfiling = "YES"
            buildForArchiving = "YES"
            buildForAnalyzing = "YES">
            <BuildableReference
               BuildableIdentifier = "primary"
               BlueprintIdentifier = "D988E388165441750009949F"
               BuildableName = "LF_DEM"
               BlueprintName = "LF_DEM"
               ReferencedContainer = "container:LF_DEM.xcodeproj">
            </BuildableReference>
         </BuildActionEntry>
      </BuildActionEntries>
   </BuildAction>
   <TestAction
      selectedDebuggerIdentifier = "Xcode.DebuggerFoundation.Debugger.LLDB"
      selectedLauncherIdentifier = "Xcode.DebuggerFoundation.Launcher.LLDB"
      shouldUseLaunchSchemeArgsEnv = "YES"
      buildConfiguration = "Debug">
      <Testables>
      </Testables>
      <MacroExpansion>
         <BuildableReference
            BuildableIdentifier = "primary"
            BlueprintIdentifier = "D988E388165441750009949F"
            BuildableName = "LF_DEM"
            BlueprintName = "LF_DEM"
            ReferencedContainer = "container:LF_DEM.xcodeproj">
         </BuildableReference>
      </MacroExpansion>
   </TestAction>
   <LaunchAction
      selectedDebuggerIdentifier = "Xcode.DebuggerFoundation.Debugger.LLDB"
      selectedLauncherIdentifier = "Xcode.DebuggerFoundation.Launcher.LLDB"
      launchStyle = "0"
      useCustomWorkingDirectory = "YES"
      customWorkingDirectory = "/Users/seto/Documents/data/simulation/DST3"
      buildConfiguration = "Release"
      ignoresPersistentStateOnLaunch = "NO"
      debugDocumentVersioning = "YES"
      allowLocationSimulation = "YES">
      <BuildableProductRunnable
         runnableDebuggingMode = "0">
         <BuildableReference
            BuildableIdentifier = "primary"
            BlueprintIdentifier = "D988E388165441750009949F"
            BuildableName = "LF_DEM"
            BlueprintName = "LF_DEM"
            ReferencedContainer = "container:LF_DEM.xcodeproj">
         </BuildableReference>
      </BuildableProductRunnable>
      <CommandLineArguments>
         <CommandLineArgument
            argument = "-g 1 -M"
            isEnabled = "YES">
         </CommandLineArgument>
      </CommandLineArguments>
      <AdditionalOptions>
      </AdditionalOptions>
   </LaunchAction>
   <ProfileAction
      shouldUseLaunchSchemeArgsEnv = "YES"
      savedToolIdentifier = ""
      useCustomWorkingDirectory = "NO"
      buildConfiguration = "Release"
      debugDocumentVersioning = "YES">
      <BuildableProductRunnable
         runnableDebuggingMode = "0">
         <BuildableReference
            BuildableIdentifier = "primary"
            BlueprintIdentifier = "D988E388165441750009949F"
            BuildableName = "LF_DEM"
            BlueprintName = "LF_DEM"
            ReferencedContainer = "container:LF_DEM.xcodeproj">
         </BuildableReference>
      </BuildableProductRunnable>
   </ProfileAction>
   <AnalyzeAction
      buildConfiguration = "Debug">
   </AnalyzeAction>
   <ArchiveAction
      buildConfiguration = "Release"
      revealArchiveInOrganizer = "YES">
   </ArchiveAction>
</Scheme>
